
Microsoft Visual Studio Solution File, Format Version 12.00
Project("{FAE04EC0-301F-11D3-BF4B-00C04F79EFBC}") = "Avalonia .NET MVVM App", "Avalonia .NET MVVM App\Avalonia .NET MVVM App.csproj", "{3667DF3D-8D81-442A-92B0-B8B1D05EE813}"
EndProject
Global
	GlobalSection(SolutionConfigurationPlatforms) = preSolution
		Debug|Any CPU = Debug|Any CPU
		Release|Any CPU = Release|Any CPU
	EndGlobalSection
	GlobalSection(ProjectConfigurationPlatforms) = postSolution
		{3667DF3D-8D81-442A-92B0-B8B1D05EE813}.Debug|Any CPU.ActiveCfg = Debug|Any CPU
		{3667DF3D-8D81-442A-92B0-B8B1D05EE813}.Debug|Any CPU.Build.0 = Debug|Any CPU
		{3667DF3D-8D81-442A-92B0-B8B1D05EE813}.Release|Any CPU.ActiveCfg = Release|Any CPU
		{3667DF3D-8D81-442A-92B0-B8B1D05EE813}.Release|Any CPU.Build.0 = Release|Any CPU
	EndGlobalSection
EndGlobal
